
Microsoft Visual Studio Solution File, Format Version 12.00
# Visual Studio Version 17
VisualStudioVersion = 17.13.35931.197 d17.13
MinimumVisualStudioVersion = 10.0.40219.1
Project("{FAE04EC0-301F-11D3-BF4B-00C04F79EFBC}") = "CodeFirstApi", "CodeFirstApi\CodeFirstApi.csproj", "{725AF2E8-5752-478D-A8B2-B994670BD6EC}"
EndProject
Global
	GlobalSection(SolutionConfigurationPlatforms) = preSolution
		Debug|Any CPU = Debug|Any CPU
		Release|Any CPU = Release|Any CPU
	EndGlobalSection
	GlobalSection(ProjectConfigurationPlatforms) = postSolution
		{725AF2E8-5752-478D-A8B2-B994670BD6EC}.Debug|Any CPU.ActiveCfg = Debug|Any CPU
		{725AF2E8-5752-478D-A8B2-B994670BD6EC}.Debug|Any CPU.Build.0 = Debug|Any CPU
		{725AF2E8-5752-478D-A8B2-B994670BD6EC}.Release|Any CPU.ActiveCfg = Release|Any CPU
		{725AF2E8-5752-478D-A8B2-B994670BD6EC}.Release|Any CPU.Build.0 = Release|Any CPU
	EndGlobalSection
	GlobalSection(SolutionProperties) = preSolution
		HideSolutionNode = FALSE
	EndGlobalSection
	GlobalSection(ExtensibilityGlobals) = postSolution
		SolutionGuid = {2F198ED9-5171-4BB6-871E-0BEEB6FD55E5}
	EndGlobalSection
EndGlobal
